
Microsoft Visual Studio Solution File, Format Version 12.00
# Visual Studio Version 17
VisualStudioVersion = 17.0.31903.59
MinimumVisualStudioVersion = 10.0.40219.1
Project("{2150E333-8FDC-42A3-9474-1A3956D46DE8}") = "src", "src", "{827E0CD3-B72D-47B6-A68D-7590B98EB39B}"
EndProject
Project("{FAE04EC0-301F-11D3-BF4B-00C04F79EFBC}") = "CrossMath.Core", "src\CrossMath.Core\CrossMath.Core.csproj", "{498234D1-378C-42FB-A3BC-7092207F2BCC}"
EndProject
Project("{FAE04EC0-301F-11D3-BF4B-00C04F79EFBC}") = "CrossMath.App", "src\CrossMath.App\CrossMath.App.csproj", "{3F1BD085-35F0-4F97-8197-A0A5C14BB0BD}"
EndProject
Project("{FAE04EC0-301F-11D3-BF4B-00C04F79EFBC}") = "CrossMath.Core.Tests", "tests\CrossMath.Core.Tests\CrossMath.Core.Tests.csproj", "{BE6DE4AE-6F7B-4F99-8DB2-182301B7C17A}"
EndProject
Project("{FAE04EC0-301F-11D3-BF4B-00C04F79EFBC}") = "CrossMath.App.Tests", "tests\CrossMath.App.Tests\CrossMath.App.Tests.csproj", "{83C1F7BF-C41E-45ED-B10B-B7DC28528CFC}"
EndProject
Global
	GlobalSection(SolutionConfigurationPlatforms) = preSolution
		Debug|Any CPU = Debug|Any CPU
		Debug|x64 = Debug|x64
		Debug|x86 = Debug|x86
		Release|Any CPU = Release|Any CPU
		Release|x64 = Release|x64
		Release|x86 = Release|x86
	EndGlobalSection
	GlobalSection(ProjectConfigurationPlatforms) = postSolution
		{498234D1-378C-42FB-A3BC-7092207F2BCC}.Debug|Any CPU.ActiveCfg = Debug|Any CPU
		{498234D1-378C-42FB-A3BC-7092207F2BCC}.Debug|Any CPU.Build.0 = Debug|Any CPU
		{498234D1-378C-42FB-A3BC-7092207F2BCC}.Debug|x64.ActiveCfg = Debug|Any CPU
		{498234D1-378C-42FB-A3BC-7092207F2BCC}.Debug|x64.Build.0 = Debug|Any CPU
		{498234D1-378C-42FB-A3BC-7092207F2BCC}.Debug|x86.ActiveCfg = Debug|Any CPU
		{498234D1-378C-42FB-A3BC-7092207F2BCC}.Debug|x86.Build.0 = Debug|Any CPU
		{498234D1-378C-42FB-A3BC-7092207F2BCC}.Release|Any CPU.ActiveCfg = Release|Any CPU
		{498234D1-378C-42FB-A3BC-7092207F2BCC}.Release|Any CPU.Build.0 = Release|Any CPU
		{498234D1-378C-42FB-A3BC-7092207F2BCC}.Release|x64.ActiveCfg = Release|Any CPU
		{498234D1-378C-42FB-A3BC-7092207F2BCC}.Release|x64.Build.0 = Release|Any CPU
		{498234D1-378C-42FB-A3BC-7092207F2BCC}.Release|x86.ActiveCfg = Release|Any CPU
		{498234D1-378C-42FB-A3BC-7092207F2BCC}.Release|x86.Build.0 = Release|Any CPU
		{3F1BD085-35F0-4F97-8197-A0A5C14BB0BD}.Debug|Any CPU.ActiveCfg = Debug|Any CPU
		{3F1BD085-35F0-4F97-8197-A0A5C14BB0BD}.Debug|Any CPU.Build.0 = Debug|Any CPU
		{3F1BD085-35F0-4F97-8197-A0A5C14BB0BD}.Debug|x64.ActiveCfg = Debug|Any CPU
		{3F1BD085-35F0-4F97-8197-A0A5C14BB0BD}.Debug|x64.Build.0 = Debug|Any CPU
		{3F1BD085-35F0-4F97-8197-A0A5C14BB0BD}.Debug|x86.ActiveCfg = Debug|Any CPU
		{3F1BD085-35F0-4F97-8197-A0A5C14BB0BD}.Debug|x86.Build.0 = Debug|Any CPU
		{3F1BD085-35F0-4F97-8197-A0A5C14BB0BD}.Release|Any CPU.ActiveCfg = Release|Any CPU
		{3F1BD085-35F0-4F97-8197-A0A5C14BB0BD}.Release|Any CPU.Build.0 = Release|Any CPU
		{3F1BD085-35F0-4F97-8197-A0A5C14BB0BD}.Release|x64.ActiveCfg = Release|Any CPU
		{3F1BD085-35F0-4F97-8197-A0A5C14BB0BD}.Release|x64.Build.0 = Release|Any CPU
		{3F1BD085-35F0-4F97-8197-A0A5C14BB0BD}.Release|x86.ActiveCfg = Release|Any CPU
		{3F1BD085-35F0-4F97-8197-A0A5C14BB0BD}.Release|x86.Build.0 = Release|Any CPU
		{BE6DE4AE-6F7B-4F99-8DB2-182301B7C17A}.Debug|Any CPU.ActiveCfg = Debug|Any CPU
		{BE6DE4AE-6F7B-4F99-8DB2-182301B7C17A}.Debug|Any CPU.Build.0 = Debug|Any CPU
		{BE6DE4AE-6F7B-4F99-8DB2-182301B7C17A}.Debug|x64.ActiveCfg = Debug|Any CPU
		{BE6DE4AE-6F7B-4F99-8DB2-182301B7C17A}.Debug|x64.Build.0 = Debug|Any CPU
		{BE6DE4AE-6F7B-4F99-8DB2-182301B7C17A}.Debug|x86.ActiveCfg = Debug|Any CPU
		{BE6DE4AE-6F7B-4F99-8DB2-182301B7C17A}.Debug|x86.Build.0 = Debug|Any CPU
		{BE6DE4AE-6F7B-4F99-8DB2-182301B7C17A}.Release|Any CPU.ActiveCfg = Release|Any CPU
		{BE6DE4AE-6F7B-4F99-8DB2-182301B7C17A}.Release|Any CPU.Build.0 = Release|Any CPU
		{BE6DE4AE-6F7B-4F99-8DB2-182301B7C17A}.Release|x64.ActiveCfg = Release|Any CPU
		{BE6DE4AE-6F7B-4F99-8DB2-182301B7C17A}.Release|x64.Build.0 = Release|Any CPU
		{BE6DE4AE-6F7B-4F99-8DB2-182301B7C17A}.Release|x86.ActiveCfg = Release|Any CPU
		{BE6DE4AE-6F7B-4F99-8DB2-182301B7C17A}.Release|x86.Build.0 = Release|Any CPU
		{83C1F7BF-C41E-45ED-B10B-B7DC28528CFC}.Debug|Any CPU.ActiveCfg = Debug|Any CPU
		{83C1F7BF-C41E-45ED-B10B-B7DC28528CFC}.Debug|Any CPU.Build.0 = Debug|Any CPU
		{83C1F7BF-C41E-45ED-B10B-B7DC28528CFC}.Debug|x64.ActiveCfg = Debug|Any CPU
		{83C1F7BF-C41E-45ED-B10B-B7DC28528CFC}.Debug|x64.Build.0 = Debug|Any CPU
		{83C1F7BF-C41E-45ED-B10B-B7DC28528CFC}.Debug|x86.ActiveCfg = Debug|Any CPU
		{83C1F7BF-C41E-45ED-B10B-B7DC28528CFC}.Debug|x86.Build.0 = Debug|Any CPU
		{83C1F7BF-C41E-45ED-B10B-B7DC28528CFC}.Release|Any CPU.ActiveCfg = Release|Any CPU
		{83C1F7BF-C41E-45ED-B10B-B7DC28528CFC}.Release|Any CPU.Build.0 = Release|Any CPU
		{83C1F7BF-C41E-45ED-B10B-B7DC28528CFC}.Release|x64.ActiveCfg = Release|Any CPU
		{83C1F7BF-C41E-45ED-B10B-B7DC28528CFC}.Release|x64.Build.0 = Release|Any CPU
		{83C1F7BF-C41E-45ED-B10B-B7DC28528CFC}.Release|x86.ActiveCfg = Release|Any CPU
		{83C1F7BF-C41E-45ED-B10B-B7DC28528CFC}.Release|x86.Build.0 = Release|Any CPU
	EndGlobalSection
	GlobalSection(SolutionProperties) = preSolution
		HideSolutionNode = FALSE
	EndGlobalSection
	GlobalSection(NestedProjects) = preSolution
		{498234D1-378C-42FB-A3BC-7092207F2BCC} = {827E0CD3-B72D-47B6-A68D-7590B98EB39B}
		{3F1BD085-35F0-4F97-8197-A0A5C14BB0BD} = {827E0CD3-B72D-47B6-A68D-7590B98EB39B}
		{BE6DE4AE-6F7B-4F99-8DB2-182301B7C17A} = {827E0CD3-B72D-47B6-A68D-7590B98EB39B}
		{83C1F7BF-C41E-45ED-B10B-B7DC28528CFC} = {827E0CD3-B72D-47B6-A68D-7590B98EB39B}
	EndGlobalSection
EndGlobal
